
Microsoft Visual Studio Solution File, Format Version 12.00
# Visual Studio 15
VisualStudioVersion = 15.0.27428.2027
MinimumVisualStudioVersion = 10.0.40219.1
Project("{FAE04EC0-301F-11D3-BF4B-00C04F79EFBC}") = "LOTO aplikacija", "LOTO aplikacija\LOTO aplikacija.csproj", "{81AD454D-B9D0-4B39-BA0C-383FCE288E39}"
EndProject
Global
	GlobalSection(SolutionConfigurationPlatforms) = preSolution
		Debug|Any CPU = Debug|Any CPU
		Release|Any CPU = Release|Any CPU
	EndGlobalSection
	GlobalSection(ProjectConfigurationPlatforms) = postSolution
		{81AD454D-B9D0-4B39-BA0C-383FCE288E39}.Debug|Any CPU.ActiveCfg = Debug|Any CPU
		{81AD454D-B9D0-4B39-BA0C-383FCE288E39}.Debug|Any CPU.Build.0 = Debug|Any CPU
		{81AD454D-B9D0-4B39-BA0C-383FCE288E39}.Release|Any CPU.ActiveCfg = Release|Any CPU
		{81AD454D-B9D0-4B39-BA0C-383FCE288E39}.Release|Any CPU.Build.0 = Release|Any CPU
	EndGlobalSection
	GlobalSection(SolutionProperties) = preSolution
		HideSolutionNode = FALSE
	EndGlobalSection
	GlobalSection(ExtensibilityGlobals) = postSolution
		SolutionGuid = {2702234B-5614-4B7E-935B-028E237A6C98}
	EndGlobalSection
EndGlobal
